
Microsoft Visual Studio Solution File, Format Version 11.00
# Visual Studio 15
Project("{8BC9CEB8-8B4A-11D0-8D11-00A0C91BC942}") = "3d", "3d.vcxproj", "{A17C8FB7-5541-4D94-916A-BD8272E1F709}"
EndProject
Project("{8BC9CEB8-8B4A-11D0-8D11-00A0C91BC942}") = "3d_multi", "3d_multi.vcxproj", "{6550618D-B379-496D-8913-6DA932715FF1}"
EndProject
Project("{8BC9CEB8-8B4A-11D0-8D11-00A0C91BC942}") = "event_parameter", "event_parameter.vcxproj", "{9EDB8D2E-4A12-4891-9FAE-90C21BF370E2}"
EndProject
Project("{8BC9CEB8-8B4A-11D0-8D11-00A0C91BC942}") = "load_banks", "load_banks.vcxproj", "{ADC0D71F-5276-4184-9021-3FB35E6DFD6C}"
EndProject
Project("{8BC9CEB8-8B4A-11D0-8D11-00A0C91BC942}") = "music_callbacks", "music_callbacks.vcxproj", "{4076F18E-6BDC-4409-B56C-C1F382BF72B7}"
EndProject
Project("{8BC9CEB8-8B4A-11D0-8D11-00A0C91BC942}") = "objectpan", "objectpan.vcxproj", "{A9478634-92BC-4FA9-B418-6B6D89D4B9F8}"
EndProject
Project("{8BC9CEB8-8B4A-11D0-8D11-00A0C91BC942}") = "programmer_sound", "programmer_sound.vcxproj", "{7294D14D-AADA-453B-97DF-2E12716E8A24}"
EndProject
Project("{8BC9CEB8-8B4A-11D0-8D11-00A0C91BC942}") = "recording_playback", "recording_playback.vcxproj", "{27D2EF1D-F2EA-4FF2-8D5E-E50588EE5DEC}"
EndProject
Project("{8BC9CEB8-8B4A-11D0-8D11-00A0C91BC942}") = "simple_event", "simple_event.vcxproj", "{37587F73-2766-4972-B1D9-01990D4B40C4}"
EndProject
Global
	GlobalSection(SolutionConfigurationPlatforms) = preSolution
		Debug|Win32 = Debug|Win32
		Debug|x64 = Debug|x64
		Release|Win32 = Release|Win32
		Release|x64 = Release|x64
	EndGlobalSection
	GlobalSection(ProjectConfigurationPlatforms) = postSolution
		{A17C8FB7-5541-4D94-916A-BD8272E1F709}.Debug|Win32.ActiveCfg = Debug|Win32
		{A17C8FB7-5541-4D94-916A-BD8272E1F709}.Debug|Win32.Build.0 = Debug|Win32
		{A17C8FB7-5541-4D94-916A-BD8272E1F709}.Debug|Win32.Deploy.0 = Debug|Win32
		{A17C8FB7-5541-4D94-916A-BD8272E1F709}.Debug|x64.ActiveCfg = Debug|x64
		{A17C8FB7-5541-4D94-916A-BD8272E1F709}.Debug|x64.Build.0 = Debug|x64
		{A17C8FB7-5541-4D94-916A-BD8272E1F709}.Debug|x64.Deploy.0 = Debug|x64
		{A17C8FB7-5541-4D94-916A-BD8272E1F709}.Release|Win32.ActiveCfg = Release|Win32
		{A17C8FB7-5541-4D94-916A-BD8272E1F709}.Release|Win32.Build.0 = Release|Win32
		{A17C8FB7-5541-4D94-916A-BD8272E1F709}.Release|Win32.Deploy.0 = Release|Win32
		{A17C8FB7-5541-4D94-916A-BD8272E1F709}.Release|x64.ActiveCfg = Release|x64
		{A17C8FB7-5541-4D94-916A-BD8272E1F709}.Release|x64.Build.0 = Release|x64
		{A17C8FB7-5541-4D94-916A-BD8272E1F709}.Release|x64.Deploy.0 = Release|x64
		{6550618D-B379-496D-8913-6DA932715FF1}.Debug|Win32.ActiveCfg = Debug|Win32
		{6550618D-B379-496D-8913-6DA932715FF1}.Debug|Win32.Build.0 = Debug|Win32
		{6550618D-B379-496D-8913-6DA932715FF1}.Debug|Win32.Deploy.0 = Debug|Win32
		{6550618D-B379-496D-8913-6DA932715FF1}.Debug|x64.ActiveCfg = Debug|x64
		{6550618D-B379-496D-8913-6DA932715FF1}.Debug|x64.Build.0 = Debug|x64
		{6550618D-B379-496D-8913-6DA932715FF1}.Debug|x64.Deploy.0 = Debug|x64
		{6550618D-B379-496D-8913-6DA932715FF1}.Release|Win32.ActiveCfg = Release|Win32
		{6550618D-B379-496D-8913-6DA932715FF1}.Release|Win32.Build.0 = Release|Win32
		{6550618D-B379-496D-8913-6DA932715FF1}.Release|Win32.Deploy.0 = Release|Win32
		{6550618D-B379-496D-8913-6DA932715FF1}.Release|x64.ActiveCfg = Release|x64
		{6550618D-B379-496D-8913-6DA932715FF1}.Release|x64.Build.0 = Release|x64
		{6550618D-B379-496D-8913-6DA932715FF1}.Release|x64.Deploy.0 = Release|x64
		{9EDB8D2E-4A12-4891-9FAE-90C21BF370E2}.Debug|Win32.ActiveCfg = Debug|Win32
		{9EDB8D2E-4A12-4891-9FAE-90C21BF370E2}.Debug|Win32.Build.0 = Debug|Win32
		{9EDB8D2E-4A12-4891-9FAE-90C21BF370E2}.Debug|Win32.Deploy.0 = Debug|Win32
		{9EDB8D2E-4A12-4891-9FAE-90C21BF370E2}.Debug|x64.ActiveCfg = Debug|x64
		{9EDB8D2E-4A12-4891-9FAE-90C21BF370E2}.Debug|x64.Build.0 = Debug|x64
		{9EDB8D2E-4A12-4891-9FAE-90C21BF370E2}.Debug|x64.Deploy.0 = Debug|x64
		{9EDB8D2E-4A12-4891-9FAE-90C21BF370E2}.Release|Win32.ActiveCfg = Release|Win32
		{9EDB8D2E-4A12-4891-9FAE-90C21BF370E2}.Release|Win32.Build.0 = Release|Win32
		{9EDB8D2E-4A12-4891-9FAE-90C21BF370E2}.Release|Win32.Deploy.0 = Release|Win32
		{9EDB8D2E-4A12-4891-9FAE-90C21BF370E2}.Release|x64.ActiveCfg = Release|x64
		{9EDB8D2E-4A12-4891-9FAE-90C21BF370E2}.Release|x64.Build.0 = Release|x64
		{9EDB8D2E-4A12-4891-9FAE-90C21BF370E2}.Release|x64.Deploy.0 = Release|x64
		{ADC0D71F-5276-4184-9021-3FB35E6DFD6C}.Debug|Win32.ActiveCfg = Debug|Win32
		{ADC0D71F-5276-4184-9021-3FB35E6DFD6C}.Debug|Win32.Build.0 = Debug|Win32
		{ADC0D71F-5276-4184-9021-3FB35E6DFD6C}.Debug|Win32.Deploy.0 = Debug|Win32
		{ADC0D71F-5276-4184-9021-3FB35E6DFD6C}.Debug|x64.ActiveCfg = Debug|x64
		{ADC0D71F-5276-4184-9021-3FB35E6DFD6C}.Debug|x64.Build.0 = Debug|x64
		{ADC0D71F-5276-4184-9021-3FB35E6DFD6C}.Debug|x64.Deploy.0 = Debug|x64
		{ADC0D71F-5276-4184-9021-3FB35E6DFD6C}.Release|Win32.ActiveCfg = Release|Win32
		{ADC0D71F-5276-4184-9021-3FB35E6DFD6C}.Release|Win32.Build.0 = Release|Win32
		{ADC0D71F-5276-4184-9021-3FB35E6DFD6C}.Release|Win32.Deploy.0 = Release|Win32
		{ADC0D71F-5276-4184-9021-3FB35E6DFD6C}.Release|x64.ActiveCfg = Release|x64
		{ADC0D71F-5276-4184-9021-3FB35E6DFD6C}.Release|x64.Build.0 = Release|x64
		{ADC0D71F-5276-4184-9021-3FB35E6DFD6C}.Release|x64.Deploy.0 = Release|x64
		{4076F18E-6BDC-4409-B56C-C1F382BF72B7}.Debug|Win32.ActiveCfg = Debug|Win32
		{4076F18E-6BDC-4409-B56C-C1F382BF72B7}.Debug|Win32.Build.0 = Debug|Win32
		{4076F18E-6BDC-4409-B56C-C1F382BF72B7}.Debug|Win32.Deploy.0 = Debug|Win32
		{4076F18E-6BDC-4409-B56C-C1F382BF72B7}.Debug|x64.ActiveCfg = Debug|x64
		{4076F18E-6BDC-4409-B56C-C1F382BF72B7}.Debug|x64.Build.0 = Debug|x64
		{4076F18E-6BDC-4409-B56C-C1F382BF72B7}.Debug|x64.Deploy.0 = Debug|x64
		{4076F18E-6BDC-4409-B56C-C1F382BF72B7}.Release|Win32.ActiveCfg = Release|Win32
		{4076F18E-6BDC-4409-B56C-C1F382BF72B7}.Release|Win32.Build.0 = Release|Win32
		{4076F18E-6BDC-4409-B56C-C1F382BF72B7}.Release|Win32.Deploy.0 = Release|Win32
		{4076F18E-6BDC-4409-B56C-C1F382BF72B7}.Release|x64.ActiveCfg = Release|x64
		{4076F18E-6BDC-4409-B56C-C1F382BF72B7}.Release|x64.Build.0 = Release|x64
		{4076F18E-6BDC-4409-B56C-C1F382BF72B7}.Release|x64.Deploy.0 = Release|x64
		{A9478634-92BC-4FA9-B418-6B6D89D4B9F8}.Debug|Win32.ActiveCfg = Debug|Win32
		{A9478634-92BC-4FA9-B418-6B6D89D4B9F8}.Debug|Win32.Build.0 = Debug|Win32
		{A9478634-92BC-4FA9-B418-6B6D89D4B9F8}.Debug|Win32.Deploy.0 = Debug|Win32
		{A9478634-92BC-4FA9-B418-6B6D89D4B9F8}.Debug|x64.ActiveCfg = Debug|x64
		{A9478634-92BC-4FA9-B418-6B6D89D4B9F8}.Debug|x64.Build.0 = Debug|x64
		{A9478634-92BC-4FA9-B418-6B6D89D4B9F8}.Debug|x64.Deploy.0 = Debug|x64
		{A9478634-92BC-4FA9-B418-6B6D89D4B9F8}.Release|Win32.ActiveCfg = Release|Win32
		{A9478634-92BC-4FA9-B418-6B6D89D4B9F8}.Release|Win32.Build.0 = Release|Win32
		{A9478634-92BC-4FA9-B418-6B6D89D4B9F8}.Release|Win32.Deploy.0 = Release|Win32
		{A9478634-92BC-4FA9-B418-6B6D89D4B9F8}.Release|x64.ActiveCfg = Release|x64
		{A9478634-92BC-4FA9-B418-6B6D89D4B9F8}.Release|x64.Build.0 = Release|x64
		{A9478634-92BC-4FA9-B418-6B6D89D4B9F8}.Release|x64.Deploy.0 = Release|x64
		{7294D14D-AADA-453B-97DF-2E12716E8A24}.Debug|Win32.ActiveCfg = Debug|Win32
		{7294D14D-AADA-453B-97DF-2E12716E8A24}.Debug|Win32.Build.0 = Debug|Win32
		{7294D14D-AADA-453B-97DF-2E12716E8A24}.Debug|Win32.Deploy.0 = Debug|Win32
		{7294D14D-AADA-453B-97DF-2E12716E8A24}.Debug|x64.ActiveCfg = Debug|x64
		{7294D14D-AADA-453B-97DF-2E12716E8A24}.Debug|x64.Build.0 = Debug|x64
		{7294D14D-AADA-453B-97DF-2E12716E8A24}.Debug|x64.Deploy.0 = Debug|x64
		{7294D14D-AADA-453B-97DF-2E12716E8A24}.Release|Win32.ActiveCfg = Release|Win32
		{7294D14D-AADA-453B-97DF-2E12716E8A24}.Release|Win32.Build.0 = Release|Win32
		{7294D14D-AADA-453B-97DF-2E12716E8A24}.Release|Win32.Deploy.0 = Release|Win32
		{7294D14D-AADA-453B-97DF-2E12716E8A24}.Release|x64.ActiveCfg = Release|x64
		{7294D14D-AADA-453B-97DF-2E12716E8A24}.Release|x64.Build.0 = Release|x64
		{7294D14D-AADA-453B-97DF-2E12716E8A24}.Release|x64.Deploy.0 = Release|x64
		{27D2EF1D-F2EA-4FF2-8D5E-E50588EE5DEC}.Debug|Win32.ActiveCfg = Debug|Win32
		{27D2EF1D-F2EA-4FF2-8D5E-E50588EE5DEC}.Debug|Win32.Build.0 = Debug|Win32
		{27D2EF1D-F2EA-4FF2-8D5E-E50588EE5DEC}.Debug|Win32.Deploy.0 = Debug|Win32
		{27D2EF1D-F2EA-4FF2-8D5E-E50588EE5DEC}.Debug|x64.ActiveCfg = Debug|x64
		{27D2EF1D-F2EA-4FF2-8D5E-E50588EE5DEC}.Debug|x64.Build.0 = Debug|x64
		{27D2EF1D-F2EA-4FF2-8D5E-E50588EE5DEC}.Debug|x64.Deploy.0 = Debug|x64
		{27D2EF1D-F2EA-4FF2-8D5E-E50588EE5DEC}.Release|Win32.ActiveCfg = Release|Win32
		{27D2EF1D-F2EA-4FF2-8D5E-E50588EE5DEC}.Release|Win32.Build.0 = Release|Win32
		{27D2EF1D-F2EA-4FF2-8D5E-E50588EE5DEC}.Release|Win32.Deploy.0 = Release|Win32
		{27D2EF1D-F2EA-4FF2-8D5E-E50588EE5DEC}.Release|x64.ActiveCfg = Release|x64
		{27D2EF1D-F2EA-4FF2-8D5E-E50588EE5DEC}.Release|x64.Build.0 = Release|x64
		{27D2EF1D-F2EA-4FF2-8D5E-E50588EE5DEC}.Release|x64.Deploy.0 = Release|x64
		{37587F73-2766-4972-B1D9-01990D4B40C4}.Debug|Win32.ActiveCfg = Debug|Win32
		{37587F73-2766-4972-B1D9-01990D4B40C4}.Debug|Win32.Build.0 = Debug|Win32
		{37587F73-2766-4972-B1D9-01990D4B40C4}.Debug|Win32.Deploy.0 = Debug|Win32
		{37587F73-2766-4972-B1D9-01990D4B40C4}.Debug|x64.ActiveCfg = Debug|x64
		{37587F73-2766-4972-B1D9-01990D4B40C4}.Debug|x64.Build.0 = Debug|x64
		{37587F73-2766-4972-B1D9-01990D4B40C4}.Debug|x64.Deploy.0 = Debug|x64
		{37587F73-2766-4972-B1D9-01990D4B40C4}.Release|Win32.ActiveCfg = Release|Win32
		{37587F73-2766-4972-B1D9-01990D4B40C4}.Release|Win32.Build.0 = Release|Win32
		{37587F73-2766-4972-B1D9-01990D4B40C4}.Release|Win32.Deploy.0 = Release|Win32
		{37587F73-2766-4972-B1D9-01990D4B40C4}.Release|x64.ActiveCfg = Release|x64
		{37587F73-2766-4972-B1D9-01990D4B40C4}.Release|x64.Build.0 = Release|x64
		{37587F73-2766-4972-B1D9-01990D4B40C4}.Release|x64.Deploy.0 = Release|x64
	EndGlobalSection
	GlobalSection(SolutionProperties) = preSolution
		HideSolutionNode = FALSE
	EndGlobalSection
EndGlobal
