<?xml version="1.0" encoding="utf-8"?>
<Project ToolsVersion="4.0" xmlns="http://schemas.microsoft.com/developer/msbuild/2003">
  <ItemGroup>
    <ClCompile Include="GLCamera.cpp">
      <Filter>소스 파일</Filter>
    </ClCompile>
    <ClCompile Include="GLLight.cpp">
      <Filter>소스 파일</Filter>
    </ClCompile>
    <ClCompile Include="GLObj.cpp">
      <Filter>소스 파일</Filter>
    </ClCompile>
    <ClCompile Include="GLLine.cpp">
      <Filter>소스 파일</Filter>
    </ClCompile>
    <ClCompile Include="GLShapes.cpp">
      <Filter>소스 파일</Filter>
    </ClCompile>
    <ClCompile Include="stdafx.cpp">
      <Filter>소스 파일</Filter>
    </ClCompile>
    <ClCompile Include="Clink!.cpp">
      <Filter>소스 파일</Filter>
    </ClCompile>
    <ClCompile Include="GLRay.cpp">
      <Filter>소스 파일</Filter>
    </ClCompile>
  </ItemGroup>
  <ItemGroup>
    <ClInclude Include="GLObj.h">
      <Filter>헤더 파일</Filter>
    </ClInclude>
    <ClInclude Include="GLCamera.h">
      <Filter>헤더 파일</Filter>
    </ClInclude>
    <ClInclude Include="GLLight.h">
      <Filter>헤더 파일</Filter>
    </ClInclude>
    <ClInclude Include="GLLine.h">
      <Filter>헤더 파일</Filter>
    </ClInclude>
    <ClInclude Include="GLShapes.h">
      <Filter>헤더 파일</Filter>
    </ClInclude>
    <ClInclude Include="stdafx.h">
      <Filter>헤더 파일</Filter>
    </ClInclude>
    <ClInclude Include="GLRay.h" />
  </ItemGroup>
  <ItemGroup>
    <None Include="vertex.glsl" />
    <None Include="fragment.glsl" />
  </ItemGroup>
  <ItemGroup>
    <Filter Include="헤더 파일">
      <UniqueIdentifier>{487d7577-236e-4efd-be0e-882a48aa0a92}</UniqueIdentifier>
    </Filter>
    <Filter Include="소스 파일">
      <UniqueIdentifier>{b8a43a75-eb5b-4f2d-a1d4-9df7c63c0717}</UniqueIdentifier>
    </Filter>
  </ItemGroup>
</Project>