
Microsoft Visual Studio Solution File, Format Version 11.00
# Visual Studio Version 16
Project("{8BC9CEB8-8B4A-11D0-8D11-00A0C91BC942}") = "3d", "3d.vcxproj", "{0FA09665-009E-412A-8A99-DC5A5E5623E5}"
EndProject
Project("{8BC9CEB8-8B4A-11D0-8D11-00A0C91BC942}") = "3d_multi", "3d_multi.vcxproj", "{DA464682-2B9A-403E-962E-1BD5B4749BDE}"
EndProject
Project("{8BC9CEB8-8B4A-11D0-8D11-00A0C91BC942}") = "event_parameter", "event_parameter.vcxproj", "{F3844990-4278-44C4-A093-978A335AF403}"
EndProject
Project("{8BC9CEB8-8B4A-11D0-8D11-00A0C91BC942}") = "load_banks", "load_banks.vcxproj", "{B1681216-A775-4755-92CA-B7DE08A0B4FA}"
EndProject
Project("{8BC9CEB8-8B4A-11D0-8D11-00A0C91BC942}") = "music_callbacks", "music_callbacks.vcxproj", "{E16B1CBE-353F-4BCD-8909-3171C46C4880}"
EndProject
Project("{8BC9CEB8-8B4A-11D0-8D11-00A0C91BC942}") = "objectpan", "objectpan.vcxproj", "{5FBC0D08-4D9C-44D9-B978-D2FE7D2398B0}"
EndProject
Project("{8BC9CEB8-8B4A-11D0-8D11-00A0C91BC942}") = "programmer_sound", "programmer_sound.vcxproj", "{F8BAAD96-026F-4078-BF70-60CC4ED45DFE}"
EndProject
Project("{8BC9CEB8-8B4A-11D0-8D11-00A0C91BC942}") = "recording_playback", "recording_playback.vcxproj", "{E469B54D-4D15-4100-8EA4-D888FB6F7255}"
EndProject
Project("{8BC9CEB8-8B4A-11D0-8D11-00A0C91BC942}") = "simple_event", "simple_event.vcxproj", "{CB23AA5B-37AD-4821-9170-9E731AC273B4}"
EndProject
Global
	GlobalSection(SolutionConfigurationPlatforms) = preSolution
		Debug|Win32 = Debug|Win32
		Debug|x64 = Debug|x64
		Release|Win32 = Release|Win32
		Release|x64 = Release|x64
	EndGlobalSection
	GlobalSection(ProjectConfigurationPlatforms) = postSolution
		{0FA09665-009E-412A-8A99-DC5A5E5623E5}.Debug|Win32.ActiveCfg = Debug|Win32
		{0FA09665-009E-412A-8A99-DC5A5E5623E5}.Debug|Win32.Build.0 = Debug|Win32
		{0FA09665-009E-412A-8A99-DC5A5E5623E5}.Debug|Win32.Deploy.0 = Debug|Win32
		{0FA09665-009E-412A-8A99-DC5A5E5623E5}.Debug|x64.ActiveCfg = Debug|x64
		{0FA09665-009E-412A-8A99-DC5A5E5623E5}.Debug|x64.Build.0 = Debug|x64
		{0FA09665-009E-412A-8A99-DC5A5E5623E5}.Debug|x64.Deploy.0 = Debug|x64
		{0FA09665-009E-412A-8A99-DC5A5E5623E5}.Release|Win32.ActiveCfg = Release|Win32
		{0FA09665-009E-412A-8A99-DC5A5E5623E5}.Release|Win32.Build.0 = Release|Win32
		{0FA09665-009E-412A-8A99-DC5A5E5623E5}.Release|Win32.Deploy.0 = Release|Win32
		{0FA09665-009E-412A-8A99-DC5A5E5623E5}.Release|x64.ActiveCfg = Release|x64
		{0FA09665-009E-412A-8A99-DC5A5E5623E5}.Release|x64.Build.0 = Release|x64
		{0FA09665-009E-412A-8A99-DC5A5E5623E5}.Release|x64.Deploy.0 = Release|x64
		{DA464682-2B9A-403E-962E-1BD5B4749BDE}.Debug|Win32.ActiveCfg = Debug|Win32
		{DA464682-2B9A-403E-962E-1BD5B4749BDE}.Debug|Win32.Build.0 = Debug|Win32
		{DA464682-2B9A-403E-962E-1BD5B4749BDE}.Debug|Win32.Deploy.0 = Debug|Win32
		{DA464682-2B9A-403E-962E-1BD5B4749BDE}.Debug|x64.ActiveCfg = Debug|x64
		{DA464682-2B9A-403E-962E-1BD5B4749BDE}.Debug|x64.Build.0 = Debug|x64
		{DA464682-2B9A-403E-962E-1BD5B4749BDE}.Debug|x64.Deploy.0 = Debug|x64
		{DA464682-2B9A-403E-962E-1BD5B4749BDE}.Release|Win32.ActiveCfg = Release|Win32
		{DA464682-2B9A-403E-962E-1BD5B4749BDE}.Release|Win32.Build.0 = Release|Win32
		{DA464682-2B9A-403E-962E-1BD5B4749BDE}.Release|Win32.Deploy.0 = Release|Win32
		{DA464682-2B9A-403E-962E-1BD5B4749BDE}.Release|x64.ActiveCfg = Release|x64
		{DA464682-2B9A-403E-962E-1BD5B4749BDE}.Release|x64.Build.0 = Release|x64
		{DA464682-2B9A-403E-962E-1BD5B4749BDE}.Release|x64.Deploy.0 = Release|x64
		{F3844990-4278-44C4-A093-978A335AF403}.Debug|Win32.ActiveCfg = Debug|Win32
		{F3844990-4278-44C4-A093-978A335AF403}.Debug|Win32.Build.0 = Debug|Win32
		{F3844990-4278-44C4-A093-978A335AF403}.Debug|Win32.Deploy.0 = Debug|Win32
		{F3844990-4278-44C4-A093-978A335AF403}.Debug|x64.ActiveCfg = Debug|x64
		{F3844990-4278-44C4-A093-978A335AF403}.Debug|x64.Build.0 = Debug|x64
		{F3844990-4278-44C4-A093-978A335AF403}.Debug|x64.Deploy.0 = Debug|x64
		{F3844990-4278-44C4-A093-978A335AF403}.Release|Win32.ActiveCfg = Release|Win32
		{F3844990-4278-44C4-A093-978A335AF403}.Release|Win32.Build.0 = Release|Win32
		{F3844990-4278-44C4-A093-978A335AF403}.Release|Win32.Deploy.0 = Release|Win32
		{F3844990-4278-44C4-A093-978A335AF403}.Release|x64.ActiveCfg = Release|x64
		{F3844990-4278-44C4-A093-978A335AF403}.Release|x64.Build.0 = Release|x64
		{F3844990-4278-44C4-A093-978A335AF403}.Release|x64.Deploy.0 = Release|x64
		{B1681216-A775-4755-92CA-B7DE08A0B4FA}.Debug|Win32.ActiveCfg = Debug|Win32
		{B1681216-A775-4755-92CA-B7DE08A0B4FA}.Debug|Win32.Build.0 = Debug|Win32
		{B1681216-A775-4755-92CA-B7DE08A0B4FA}.Debug|Win32.Deploy.0 = Debug|Win32
		{B1681216-A775-4755-92CA-B7DE08A0B4FA}.Debug|x64.ActiveCfg = Debug|x64
		{B1681216-A775-4755-92CA-B7DE08A0B4FA}.Debug|x64.Build.0 = Debug|x64
		{B1681216-A775-4755-92CA-B7DE08A0B4FA}.Debug|x64.Deploy.0 = Debug|x64
		{B1681216-A775-4755-92CA-B7DE08A0B4FA}.Release|Win32.ActiveCfg = Release|Win32
		{B1681216-A775-4755-92CA-B7DE08A0B4FA}.Release|Win32.Build.0 = Release|Win32
		{B1681216-A775-4755-92CA-B7DE08A0B4FA}.Release|Win32.Deploy.0 = Release|Win32
		{B1681216-A775-4755-92CA-B7DE08A0B4FA}.Release|x64.ActiveCfg = Release|x64
		{B1681216-A775-4755-92CA-B7DE08A0B4FA}.Release|x64.Build.0 = Release|x64
		{B1681216-A775-4755-92CA-B7DE08A0B4FA}.Release|x64.Deploy.0 = Release|x64
		{E16B1CBE-353F-4BCD-8909-3171C46C4880}.Debug|Win32.ActiveCfg = Debug|Win32
		{E16B1CBE-353F-4BCD-8909-3171C46C4880}.Debug|Win32.Build.0 = Debug|Win32
		{E16B1CBE-353F-4BCD-8909-3171C46C4880}.Debug|Win32.Deploy.0 = Debug|Win32
		{E16B1CBE-353F-4BCD-8909-3171C46C4880}.Debug|x64.ActiveCfg = Debug|x64
		{E16B1CBE-353F-4BCD-8909-3171C46C4880}.Debug|x64.Build.0 = Debug|x64
		{E16B1CBE-353F-4BCD-8909-3171C46C4880}.Debug|x64.Deploy.0 = Debug|x64
		{E16B1CBE-353F-4BCD-8909-3171C46C4880}.Release|Win32.ActiveCfg = Release|Win32
		{E16B1CBE-353F-4BCD-8909-3171C46C4880}.Release|Win32.Build.0 = Release|Win32
		{E16B1CBE-353F-4BCD-8909-3171C46C4880}.Release|Win32.Deploy.0 = Release|Win32
		{E16B1CBE-353F-4BCD-8909-3171C46C4880}.Release|x64.ActiveCfg = Release|x64
		{E16B1CBE-353F-4BCD-8909-3171C46C4880}.Release|x64.Build.0 = Release|x64
		{E16B1CBE-353F-4BCD-8909-3171C46C4880}.Release|x64.Deploy.0 = Release|x64
		{5FBC0D08-4D9C-44D9-B978-D2FE7D2398B0}.Debug|Win32.ActiveCfg = Debug|Win32
		{5FBC0D08-4D9C-44D9-B978-D2FE7D2398B0}.Debug|Win32.Build.0 = Debug|Win32
		{5FBC0D08-4D9C-44D9-B978-D2FE7D2398B0}.Debug|Win32.Deploy.0 = Debug|Win32
		{5FBC0D08-4D9C-44D9-B978-D2FE7D2398B0}.Debug|x64.ActiveCfg = Debug|x64
		{5FBC0D08-4D9C-44D9-B978-D2FE7D2398B0}.Debug|x64.Build.0 = Debug|x64
		{5FBC0D08-4D9C-44D9-B978-D2FE7D2398B0}.Debug|x64.Deploy.0 = Debug|x64
		{5FBC0D08-4D9C-44D9-B978-D2FE7D2398B0}.Release|Win32.ActiveCfg = Release|Win32
		{5FBC0D08-4D9C-44D9-B978-D2FE7D2398B0}.Release|Win32.Build.0 = Release|Win32
		{5FBC0D08-4D9C-44D9-B978-D2FE7D2398B0}.Release|Win32.Deploy.0 = Release|Win32
		{5FBC0D08-4D9C-44D9-B978-D2FE7D2398B0}.Release|x64.ActiveCfg = Release|x64
		{5FBC0D08-4D9C-44D9-B978-D2FE7D2398B0}.Release|x64.Build.0 = Release|x64
		{5FBC0D08-4D9C-44D9-B978-D2FE7D2398B0}.Release|x64.Deploy.0 = Release|x64
		{F8BAAD96-026F-4078-BF70-60CC4ED45DFE}.Debug|Win32.ActiveCfg = Debug|Win32
		{F8BAAD96-026F-4078-BF70-60CC4ED45DFE}.Debug|Win32.Build.0 = Debug|Win32
		{F8BAAD96-026F-4078-BF70-60CC4ED45DFE}.Debug|Win32.Deploy.0 = Debug|Win32
		{F8BAAD96-026F-4078-BF70-60CC4ED45DFE}.Debug|x64.ActiveCfg = Debug|x64
		{F8BAAD96-026F-4078-BF70-60CC4ED45DFE}.Debug|x64.Build.0 = Debug|x64
		{F8BAAD96-026F-4078-BF70-60CC4ED45DFE}.Debug|x64.Deploy.0 = Debug|x64
		{F8BAAD96-026F-4078-BF70-60CC4ED45DFE}.Release|Win32.ActiveCfg = Release|Win32
		{F8BAAD96-026F-4078-BF70-60CC4ED45DFE}.Release|Win32.Build.0 = Release|Win32
		{F8BAAD96-026F-4078-BF70-60CC4ED45DFE}.Release|Win32.Deploy.0 = Release|Win32
		{F8BAAD96-026F-4078-BF70-60CC4ED45DFE}.Release|x64.ActiveCfg = Release|x64
		{F8BAAD96-026F-4078-BF70-60CC4ED45DFE}.Release|x64.Build.0 = Release|x64
		{F8BAAD96-026F-4078-BF70-60CC4ED45DFE}.Release|x64.Deploy.0 = Release|x64
		{E469B54D-4D15-4100-8EA4-D888FB6F7255}.Debug|Win32.ActiveCfg = Debug|Win32
		{E469B54D-4D15-4100-8EA4-D888FB6F7255}.Debug|Win32.Build.0 = Debug|Win32
		{E469B54D-4D15-4100-8EA4-D888FB6F7255}.Debug|Win32.Deploy.0 = Debug|Win32
		{E469B54D-4D15-4100-8EA4-D888FB6F7255}.Debug|x64.ActiveCfg = Debug|x64
		{E469B54D-4D15-4100-8EA4-D888FB6F7255}.Debug|x64.Build.0 = Debug|x64
		{E469B54D-4D15-4100-8EA4-D888FB6F7255}.Debug|x64.Deploy.0 = Debug|x64
		{E469B54D-4D15-4100-8EA4-D888FB6F7255}.Release|Win32.ActiveCfg = Release|Win32
		{E469B54D-4D15-4100-8EA4-D888FB6F7255}.Release|Win32.Build.0 = Release|Win32
		{E469B54D-4D15-4100-8EA4-D888FB6F7255}.Release|Win32.Deploy.0 = Release|Win32
		{E469B54D-4D15-4100-8EA4-D888FB6F7255}.Release|x64.ActiveCfg = Release|x64
		{E469B54D-4D15-4100-8EA4-D888FB6F7255}.Release|x64.Build.0 = Release|x64
		{E469B54D-4D15-4100-8EA4-D888FB6F7255}.Release|x64.Deploy.0 = Release|x64
		{CB23AA5B-37AD-4821-9170-9E731AC273B4}.Debug|Win32.ActiveCfg = Debug|Win32
		{CB23AA5B-37AD-4821-9170-9E731AC273B4}.Debug|Win32.Build.0 = Debug|Win32
		{CB23AA5B-37AD-4821-9170-9E731AC273B4}.Debug|Win32.Deploy.0 = Debug|Win32
		{CB23AA5B-37AD-4821-9170-9E731AC273B4}.Debug|x64.ActiveCfg = Debug|x64
		{CB23AA5B-37AD-4821-9170-9E731AC273B4}.Debug|x64.Build.0 = Debug|x64
		{CB23AA5B-37AD-4821-9170-9E731AC273B4}.Debug|x64.Deploy.0 = Debug|x64
		{CB23AA5B-37AD-4821-9170-9E731AC273B4}.Release|Win32.ActiveCfg = Release|Win32
		{CB23AA5B-37AD-4821-9170-9E731AC273B4}.Release|Win32.Build.0 = Release|Win32
		{CB23AA5B-37AD-4821-9170-9E731AC273B4}.Release|Win32.Deploy.0 = Release|Win32
		{CB23AA5B-37AD-4821-9170-9E731AC273B4}.Release|x64.ActiveCfg = Release|x64
		{CB23AA5B-37AD-4821-9170-9E731AC273B4}.Release|x64.Build.0 = Release|x64
		{CB23AA5B-37AD-4821-9170-9E731AC273B4}.Release|x64.Deploy.0 = Release|x64
	EndGlobalSection
	GlobalSection(SolutionProperties) = preSolution
		HideSolutionNode = FALSE
	EndGlobalSection
EndGlobal
